
Microsoft Visual Studio Solution File, Format Version 12.00
# Visual Studio Version 17
VisualStudioVersion = 17.11.35327.3
MinimumVisualStudioVersion = 10.0.40219.1
Project("{2150E333-8FDC-42A3-9474-1A3956D46DE8}") = "01.Clients", "01.Clients", "{BBBF4B76-0057-43EB-B893-EEC02C672D0F}"
EndProject
Project("{2150E333-8FDC-42A3-9474-1A3956D46DE8}") = "02. Api.Gateways", "02. Api.Gateways", "{E213AE8A-FF79-4824-8C16-2F0651405AF0}"
EndProject
Project("{2150E333-8FDC-42A3-9474-1A3956D46DE8}") = "03. Services", "03. Services", "{6DE49254-B42A-46D4-BFFD-F947B166B23F}"
EndProject
Project("{2150E333-8FDC-42A3-9474-1A3956D46DE8}") = "01. Identity", "01. Identity", "{C0E58CC6-3D40-441B-9A92-66B940C990F4}"
EndProject
Project("{2150E333-8FDC-42A3-9474-1A3956D46DE8}") = "02. Catalog", "02. Catalog", "{C2688116-F713-47B3-9B9C-1C7EC17DCD59}"
EndProject
Project("{2150E333-8FDC-42A3-9474-1A3956D46DE8}") = "03. Customer", "03. Customer", "{390A6A2A-F913-47C2-8558-BBF837125360}"
EndProject
Project("{2150E333-8FDC-42A3-9474-1A3956D46DE8}") = "04. Order", "04. Order", "{B6C4FB40-D4C7-471F-9D80-D957F3AAD198}"
EndProject
Project("{9A19103F-16F7-4668-BE54-9A1E7A4F7556}") = "Catalog.Api", "src\Services\Catalog\Catalog.Api\Catalog.Api.csproj", "{1C7C5AED-138C-4EC4-8489-26644E60674C}"
EndProject
Project("{2150E333-8FDC-42A3-9474-1A3956D46DE8}") = "01. Api", "01. Api", "{13AAAC77-1BFA-4F20-A9D7-87D150A7E5AB}"
EndProject
Project("{2150E333-8FDC-42A3-9474-1A3956D46DE8}") = "02. Services", "02. Services", "{60E6FE66-DCF6-4C18-A105-28CB0A2B8363}"
EndProject
Project("{2150E333-8FDC-42A3-9474-1A3956D46DE8}") = "06. Persistence", "06. Persistence", "{565E4FF1-2E22-48D5-BDA7-FBFC82CF5AF2}"
EndProject
Project("{2150E333-8FDC-42A3-9474-1A3956D46DE8}") = "04. Models", "04. Models", "{DEF86744-1104-4CF7-AF1B-216253C62BF9}"
EndProject
Project("{9A19103F-16F7-4668-BE54-9A1E7A4F7556}") = "Catalog.Domain", "src\Services\Catalog\Catalog.Domain\Catalog.Domain.csproj", "{3A04BD4D-46F4-4059-8F27-83F3C2DF0E6D}"
EndProject
Project("{9A19103F-16F7-4668-BE54-9A1E7A4F7556}") = "Catalog.Persistence", "src\Services\Catalog\Catalog.Persistence\Catalog.Persistence.csproj", "{14C6CD8D-D6C4-4D66-91A6-4687F7350307}"
EndProject
Project("{2150E333-8FDC-42A3-9474-1A3956D46DE8}") = "Common", "Common", "{632B84D0-895F-467C-B8EA-3DB72FD490E5}"
EndProject
Project("{9A19103F-16F7-4668-BE54-9A1E7A4F7556}") = "Service.Common.Collection", "Service.Common.Collection\Service.Common.Collection.csproj", "{1DF069D1-68BC-4E55-B197-4CBCCBD2F501}"
EndProject
Project("{9A19103F-16F7-4668-BE54-9A1E7A4F7556}") = "Service.Common.Mapping", "Service.Common.Mapping\Service.Common.Mapping.csproj", "{53BAE59A-8296-48F9-8BC7-5491438717D7}"
EndProject
Project("{9A19103F-16F7-4668-BE54-9A1E7A4F7556}") = "Service.Common.Paging", "Service.Common.Paging\Service.Common.Paging.csproj", "{9D8983D7-435A-49D7-9A98-D7697D0138EB}"
EndProject
Project("{9A19103F-16F7-4668-BE54-9A1E7A4F7556}") = "Catalog.Services.Queries", "src\Services\Catalog\Catalog.Services.Queries\Catalog.Services.Queries.csproj", "{9001F23D-78F0-44E6-A0B9-BD4EB030F590}"
EndProject
Project("{9A19103F-16F7-4668-BE54-9A1E7A4F7556}") = "Catalog.Service.EventHandlers", "src\Services\Catalog\Catalog.Service.EventHandlers\Catalog.Service.EventHandlers.csproj", "{5330AD6D-BE49-4BE1-BDD6-79FFBF869539}"
EndProject
Project("{2150E333-8FDC-42A3-9474-1A3956D46DE8}") = "05. Common", "05. Common", "{E42AD922-BBFF-4459-A241-7B8F9AD00422}"
EndProject
Project("{9A19103F-16F7-4668-BE54-9A1E7A4F7556}") = "Catalog.Common", "src\Services\Catalog\Catalog.Common\Catalog.Common.csproj", "{7195BF33-E509-40B8-A168-50E5430D3BB7}"
EndProject
Project("{2150E333-8FDC-42A3-9474-1A3956D46DE8}") = "04. Common", "04. Common", "{85703544-A8FC-4307-9032-52EE6DBC7DA4}"
EndProject
Project("{9A19103F-16F7-4668-BE54-9A1E7A4F7556}") = "Common.Logging", "src\Common.Logging\Common.Logging.csproj", "{7B2A5C91-2ED2-4D45-94A5-0B1A81320618}"
EndProject
Project("{2150E333-8FDC-42A3-9474-1A3956D46DE8}") = "07. Testing", "07. Testing", "{B8C16D76-E42F-43BF-9F98-7FFE48598C77}"
EndProject
Project("{9A19103F-16F7-4668-BE54-9A1E7A4F7556}") = "Catalog.Test", "src\Services\Catalog\Catalog.Test\Catalog.Test.csproj", "{6CE4C4E2-54C8-46D5-9188-8EDF6F7B6F79}"
EndProject
Project("{2150E333-8FDC-42A3-9474-1A3956D46DE8}") = "01. Api", "01. Api", "{FB70ECC5-82D9-47B2-AD7A-D9D07923CB16}"
EndProject
Project("{2150E333-8FDC-42A3-9474-1A3956D46DE8}") = "02. Services", "02. Services", "{0CF964B2-1A71-4FBB-8B41-6FD2F723C4C5}"
EndProject
Project("{2150E333-8FDC-42A3-9474-1A3956D46DE8}") = "03. Persistence", "03. Persistence", "{4F838478-817A-4435-A9FD-B6D5B4CACF62}"
EndProject
Project("{2150E333-8FDC-42A3-9474-1A3956D46DE8}") = "04. Models", "04. Models", "{0E7168B1-A40E-4947-BC19-D6C5580E2937}"
EndProject
Project("{2150E333-8FDC-42A3-9474-1A3956D46DE8}") = "05. Common", "05. Common", "{A8992C0E-0070-4622-AC01-A9AA3EF317A3}"
EndProject
Project("{2150E333-8FDC-42A3-9474-1A3956D46DE8}") = "06. Testing", "06. Testing", "{E0C0168B-8FCF-44EE-B812-C02E3DE73ADE}"
EndProject
Project("{9A19103F-16F7-4668-BE54-9A1E7A4F7556}") = "Customer.Api", "src\Services\Customer\Customer.Api\Customer.Api.csproj", "{AF8077A8-C1EA-4977-A4AD-1BCC3BBF1EA0}"
EndProject
Project("{9A19103F-16F7-4668-BE54-9A1E7A4F7556}") = "Customer.Services.EventHandler", "src\Services\Customer\Customer.Services.EventHandler\Customer.Services.EventHandler.csproj", "{94C8F498-6E97-45F8-A7A1-BE2A8E89B693}"
EndProject
Project("{9A19103F-16F7-4668-BE54-9A1E7A4F7556}") = "Customer.Services.Queries", "src\Services\Customer\Customer.Services.Queries\Customer.Services.Queries.csproj", "{0670CCFF-D123-4AD4-B46E-D1A904191715}"
EndProject
Project("{9A19103F-16F7-4668-BE54-9A1E7A4F7556}") = "Customer.Persistence", "src\Services\Customer\Customer.Persistence\Customer.Persistence.csproj", "{05EDB772-0EC5-4AD1-B344-43FF9D9DFAA6}"
EndProject
Project("{9A19103F-16F7-4668-BE54-9A1E7A4F7556}") = "Customer.Domain", "src\Services\Customer\Customer.Domain\Customer.Domain.csproj", "{3A9C04E8-7D99-4CCF-9F4D-D31E489B716C}"
EndProject
Project("{9A19103F-16F7-4668-BE54-9A1E7A4F7556}") = "Customer.Test", "src\Services\Customer\Customer.Test\Customer.Test.csproj", "{921D2B6E-EE09-4F54-A0BE-C94428193F77}"
EndProject
Project("{2150E333-8FDC-42A3-9474-1A3956D46DE8}") = "01. Api", "01. Api", "{B738EA8A-6AA8-475E-A3FE-FA0BE94CE09C}"
EndProject
Project("{2150E333-8FDC-42A3-9474-1A3956D46DE8}") = "02. Services", "02. Services", "{70449F72-5514-46A4-BFD9-19E284750D4B}"
EndProject
Project("{2150E333-8FDC-42A3-9474-1A3956D46DE8}") = "03. Persistence", "03. Persistence", "{EEAE4C5D-AA78-4E65-A1BE-43BAD79F8EE1}"
EndProject
Project("{2150E333-8FDC-42A3-9474-1A3956D46DE8}") = "04. Models", "04. Models", "{BF557917-1BF0-4FCF-9BB2-77D20F61B91F}"
EndProject
Project("{2150E333-8FDC-42A3-9474-1A3956D46DE8}") = "05. Common", "05. Common", "{70A154B1-3916-4717-8E5F-F8DDE174F36F}"
EndProject
Project("{2150E333-8FDC-42A3-9474-1A3956D46DE8}") = "06. testing", "06. testing", "{FCB80702-7703-4661-9FDF-6F54A020A1A2}"
EndProject
Project("{9A19103F-16F7-4668-BE54-9A1E7A4F7556}") = "Order.Api", "src\Services\Order\Order.Api\Order.Api.csproj", "{1089226F-15D2-4BE9-AC79-5AA407708588}"
EndProject
Project("{9A19103F-16F7-4668-BE54-9A1E7A4F7556}") = "Order.Services.Queries", "src\Services\Order\Order.Services.Queries\Order.Services.Queries.csproj", "{D1622BF7-C6F7-4329-9E82-23B8BFD87873}"
EndProject
Project("{9A19103F-16F7-4668-BE54-9A1E7A4F7556}") = "Order.Domain", "src\Services\Order\Order.Domain\Order.Domain.csproj", "{8F108D84-7A15-446A-BF66-5B3D60CC7CBF}"
EndProject
Project("{9A19103F-16F7-4668-BE54-9A1E7A4F7556}") = "Order.Persistence", "src\Services\Order\Order.Persistence\Order.Persistence.csproj", "{BAC2B42E-F6A9-4EE0-92A4-93B8FF73E684}"
EndProject
Project("{9A19103F-16F7-4668-BE54-9A1E7A4F7556}") = "Order.Test", "src\Services\Order\Order.Test\Order.Test.csproj", "{8B63E54D-0B1A-4C17-AB84-791C23EE1D28}"
EndProject
Project("{9A19103F-16F7-4668-BE54-9A1E7A4F7556}") = "Order.Common", "src\Services\Customer\Customer.Common\Order.Common.csproj", "{82C1B3B2-E8A1-4EF4-AAD0-9CAE8A589379}"
EndProject
Project("{9A19103F-16F7-4668-BE54-9A1E7A4F7556}") = "Order.Services.EventHandler", "src\Services\Order\Order.Services.EventHandler\Order.Services.EventHandler.csproj", "{2BAB66DB-D7E1-4A8E-A6C0-3466D58D30B5}"
EndProject
Project("{9A19103F-16F7-4668-BE54-9A1E7A4F7556}") = "Order.Service.Proxies", "src\Services\Order\Order.Service.Proxies\Order.Service.Proxies.csproj", "{C2818761-ABC8-4D56-AEEE-550B308C1D72}"
EndProject
Project("{2150E333-8FDC-42A3-9474-1A3956D46DE8}") = "03. Listeners", "03. Listeners", "{71B2DA4C-FAF7-4D15-83AA-D53BF55C8FD3}"
EndProject
Project("{9A19103F-16F7-4668-BE54-9A1E7A4F7556}") = "Catalog.Listener", "src\Services\Catalog\Catalog.Listener\Catalog.Listener.csproj", "{D86807A9-2CD1-4AA1-9945-4799FCA3F9B1}"
EndProject
Project("{2150E333-8FDC-42A3-9474-1A3956D46DE8}") = "01. API", "01. API", "{7CE42E83-AA6F-477B-92F7-713C22A488EA}"
EndProject
Project("{2150E333-8FDC-42A3-9474-1A3956D46DE8}") = "02. Services", "02. Services", "{B8A4119C-7073-48FC-9284-BF3275107507}"
EndProject
Project("{2150E333-8FDC-42A3-9474-1A3956D46DE8}") = "03. Persistence", "03. Persistence", "{044A334B-A639-463C-B63A-964B989A51A1}"
EndProject
Project("{2150E333-8FDC-42A3-9474-1A3956D46DE8}") = "04. Models", "04. Models", "{F46EF47C-829E-460A-A2C8-2D93EB420750}"
EndProject
Project("{2150E333-8FDC-42A3-9474-1A3956D46DE8}") = "05. Common", "05. Common", "{AC42E4F4-E8FB-4FC1-BE18-C70CDF869C3E}"
EndProject
Project("{9A19103F-16F7-4668-BE54-9A1E7A4F7556}") = "Identity.Domain", "src\Services\Identity\Identity.Domain\Identity.Domain.csproj", "{6D10611B-0487-4B87-BABD-B76A3B35D9D1}"
EndProject
Project("{9A19103F-16F7-4668-BE54-9A1E7A4F7556}") = "Identity.Persistence", "src\Services\Identity\Identity.Persistence\Identity.Persistence.csproj", "{CAE83923-D81B-4CBE-A2C8-844DB88EACBA}"
EndProject
Project("{9A19103F-16F7-4668-BE54-9A1E7A4F7556}") = "Identity.API", "src\Services\Identity\Identity.API\Identity.API.csproj", "{1029EF44-1626-4072-9D99-15AFDC8E3751}"
EndProject
Project("{9A19103F-16F7-4668-BE54-9A1E7A4F7556}") = "Identity.Service.EventHandler", "src\Services\Identity\Identity.Service.EventHandler\Identity.Service.EventHandler.csproj", "{6AAF17B4-3D8F-45B8-B893-4C2152516EDB}"
EndProject
Project("{9A19103F-16F7-4668-BE54-9A1E7A4F7556}") = "Identity.Service.Queries", "src\Services\Identity\Identity.Service.Queries\Identity.Service.Queries.csproj", "{F7083EAB-69C0-4F24-B2E9-4A9E8701A324}"
EndProject
Project("{9A19103F-16F7-4668-BE54-9A1E7A4F7556}") = "Identity.Common", "src\Services\Identity\Identity.Common\Identity.Common.csproj", "{7506319F-9717-48C9-841F-9BCA7422111E}"
EndProject
Project("{2150E333-8FDC-42A3-9474-1A3956D46DE8}") = "APIs", "APIs", "{2CFA51A4-DAB1-474F-94DF-4760184D60EE}"
EndProject
Project("{9A19103F-16F7-4668-BE54-9A1E7A4F7556}") = "Api.Gateway.WebClient", "src\Gateway\Api.Gateway.WebClient\Api.Gateway.WebClient.csproj", "{9E8FE6C5-A762-46C0-9FE0-E8E4B34D5936}"
EndProject
Project("{9A19103F-16F7-4668-BE54-9A1E7A4F7556}") = "Api.Gateway.Proxies", "src\Gateway\Api.Gateway.Proxies\Api.Gateway.Proxies.csproj", "{C9B63D86-0CF4-4456-99A7-3E78F8C6E0C8}"
EndProject
Project("{9A19103F-16F7-4668-BE54-9A1E7A4F7556}") = "Api.Gateway.Domain", "src\Gateway\Api.Gateway.Domain\Api.Gateway.Domain.csproj", "{D6CFF58A-9A0B-446B-B01E-833B3EEEED73}"
EndProject
Project("{9A19103F-16F7-4668-BE54-9A1E7A4F7556}") = "Clients.WebClient", "src\Client\Clients.WebClient\Clients.WebClient.csproj", "{98CEAD59-0969-4C86-80E4-7DA3B2B9E8D7}"
EndProject
Project("{9A19103F-16F7-4668-BE54-9A1E7A4F7556}") = "Clients.Authentication", "src\Client\Clients.Authentication\Clients.Authentication.csproj", "{B6858157-5AE0-49E6-921F-52ADC9F135ED}"
EndProject
Project("{9A19103F-16F7-4668-BE54-9A1E7A4F7556}") = "Service.Common.ApiResponse", "Service.Common.ApiResponse\Service.Common.ApiResponse.csproj", "{81A22A31-DDE9-4F57-B20E-519A1C6426B4}"
EndProject
Project("{9A19103F-16F7-4668-BE54-9A1E7A4F7556}") = "Api.Gateway.WebClient.Proxy", "src\Gateway\Api.Gateway.WebClient.Proxy\Api.Gateway.WebClient.Proxy.csproj", "{BC92D0BF-0BEF-42BB-BC9F-47C8966D1F54}"
EndProject
Global
	GlobalSection(SolutionConfigurationPlatforms) = preSolution
		Debug|Any CPU = Debug|Any CPU
		Release|Any CPU = Release|Any CPU
	EndGlobalSection
	GlobalSection(ProjectConfigurationPlatforms) = postSolution
		{1C7C5AED-138C-4EC4-8489-26644E60674C}.Debug|Any CPU.ActiveCfg = Debug|Any CPU
		{1C7C5AED-138C-4EC4-8489-26644E60674C}.Debug|Any CPU.Build.0 = Debug|Any CPU
		{1C7C5AED-138C-4EC4-8489-26644E60674C}.Release|Any CPU.ActiveCfg = Release|Any CPU
		{1C7C5AED-138C-4EC4-8489-26644E60674C}.Release|Any CPU.Build.0 = Release|Any CPU
		{3A04BD4D-46F4-4059-8F27-83F3C2DF0E6D}.Debug|Any CPU.ActiveCfg = Debug|Any CPU
		{3A04BD4D-46F4-4059-8F27-83F3C2DF0E6D}.Debug|Any CPU.Build.0 = Debug|Any CPU
		{3A04BD4D-46F4-4059-8F27-83F3C2DF0E6D}.Release|Any CPU.ActiveCfg = Release|Any CPU
		{3A04BD4D-46F4-4059-8F27-83F3C2DF0E6D}.Release|Any CPU.Build.0 = Release|Any CPU
		{14C6CD8D-D6C4-4D66-91A6-4687F7350307}.Debug|Any CPU.ActiveCfg = Debug|Any CPU
		{14C6CD8D-D6C4-4D66-91A6-4687F7350307}.Debug|Any CPU.Build.0 = Debug|Any CPU
		{14C6CD8D-D6C4-4D66-91A6-4687F7350307}.Release|Any CPU.ActiveCfg = Release|Any CPU
		{14C6CD8D-D6C4-4D66-91A6-4687F7350307}.Release|Any CPU.Build.0 = Release|Any CPU
		{1DF069D1-68BC-4E55-B197-4CBCCBD2F501}.Debug|Any CPU.ActiveCfg = Debug|Any CPU
		{1DF069D1-68BC-4E55-B197-4CBCCBD2F501}.Debug|Any CPU.Build.0 = Debug|Any CPU
		{1DF069D1-68BC-4E55-B197-4CBCCBD2F501}.Release|Any CPU.ActiveCfg = Release|Any CPU
		{1DF069D1-68BC-4E55-B197-4CBCCBD2F501}.Release|Any CPU.Build.0 = Release|Any CPU
		{53BAE59A-8296-48F9-8BC7-5491438717D7}.Debug|Any CPU.ActiveCfg = Debug|Any CPU
		{53BAE59A-8296-48F9-8BC7-5491438717D7}.Debug|Any CPU.Build.0 = Debug|Any CPU
		{53BAE59A-8296-48F9-8BC7-5491438717D7}.Release|Any CPU.ActiveCfg = Release|Any CPU
		{53BAE59A-8296-48F9-8BC7-5491438717D7}.Release|Any CPU.Build.0 = Release|Any CPU
		{9D8983D7-435A-49D7-9A98-D7697D0138EB}.Debug|Any CPU.ActiveCfg = Debug|Any CPU
		{9D8983D7-435A-49D7-9A98-D7697D0138EB}.Debug|Any CPU.Build.0 = Debug|Any CPU
		{9D8983D7-435A-49D7-9A98-D7697D0138EB}.Release|Any CPU.ActiveCfg = Release|Any CPU
		{9D8983D7-435A-49D7-9A98-D7697D0138EB}.Release|Any CPU.Build.0 = Release|Any CPU
		{9001F23D-78F0-44E6-A0B9-BD4EB030F590}.Debug|Any CPU.ActiveCfg = Debug|Any CPU
		{9001F23D-78F0-44E6-A0B9-BD4EB030F590}.Debug|Any CPU.Build.0 = Debug|Any CPU
		{9001F23D-78F0-44E6-A0B9-BD4EB030F590}.Release|Any CPU.ActiveCfg = Release|Any CPU
		{9001F23D-78F0-44E6-A0B9-BD4EB030F590}.Release|Any CPU.Build.0 = Release|Any CPU
		{5330AD6D-BE49-4BE1-BDD6-79FFBF869539}.Debug|Any CPU.ActiveCfg = Debug|Any CPU
		{5330AD6D-BE49-4BE1-BDD6-79FFBF869539}.Debug|Any CPU.Build.0 = Debug|Any CPU
		{5330AD6D-BE49-4BE1-BDD6-79FFBF869539}.Release|Any CPU.ActiveCfg = Release|Any CPU
		{5330AD6D-BE49-4BE1-BDD6-79FFBF869539}.Release|Any CPU.Build.0 = Release|Any CPU
		{7195BF33-E509-40B8-A168-50E5430D3BB7}.Debug|Any CPU.ActiveCfg = Debug|Any CPU
		{7195BF33-E509-40B8-A168-50E5430D3BB7}.Debug|Any CPU.Build.0 = Debug|Any CPU
		{7195BF33-E509-40B8-A168-50E5430D3BB7}.Release|Any CPU.ActiveCfg = Release|Any CPU
		{7195BF33-E509-40B8-A168-50E5430D3BB7}.Release|Any CPU.Build.0 = Release|Any CPU
		{7B2A5C91-2ED2-4D45-94A5-0B1A81320618}.Debug|Any CPU.ActiveCfg = Debug|Any CPU
		{7B2A5C91-2ED2-4D45-94A5-0B1A81320618}.Debug|Any CPU.Build.0 = Debug|Any CPU
		{7B2A5C91-2ED2-4D45-94A5-0B1A81320618}.Release|Any CPU.ActiveCfg = Release|Any CPU
		{7B2A5C91-2ED2-4D45-94A5-0B1A81320618}.Release|Any CPU.Build.0 = Release|Any CPU
		{6CE4C4E2-54C8-46D5-9188-8EDF6F7B6F79}.Debug|Any CPU.ActiveCfg = Debug|Any CPU
		{6CE4C4E2-54C8-46D5-9188-8EDF6F7B6F79}.Debug|Any CPU.Build.0 = Debug|Any CPU
		{6CE4C4E2-54C8-46D5-9188-8EDF6F7B6F79}.Release|Any CPU.ActiveCfg = Release|Any CPU
		{6CE4C4E2-54C8-46D5-9188-8EDF6F7B6F79}.Release|Any CPU.Build.0 = Release|Any CPU
		{AF8077A8-C1EA-4977-A4AD-1BCC3BBF1EA0}.Debug|Any CPU.ActiveCfg = Debug|Any CPU
		{AF8077A8-C1EA-4977-A4AD-1BCC3BBF1EA0}.Debug|Any CPU.Build.0 = Debug|Any CPU
		{AF8077A8-C1EA-4977-A4AD-1BCC3BBF1EA0}.Release|Any CPU.ActiveCfg = Release|Any CPU
		{AF8077A8-C1EA-4977-A4AD-1BCC3BBF1EA0}.Release|Any CPU.Build.0 = Release|Any CPU
		{94C8F498-6E97-45F8-A7A1-BE2A8E89B693}.Debug|Any CPU.ActiveCfg = Debug|Any CPU
		{94C8F498-6E97-45F8-A7A1-BE2A8E89B693}.Debug|Any CPU.Build.0 = Debug|Any CPU
		{94C8F498-6E97-45F8-A7A1-BE2A8E89B693}.Release|Any CPU.ActiveCfg = Release|Any CPU
		{94C8F498-6E97-45F8-A7A1-BE2A8E89B693}.Release|Any CPU.Build.0 = Release|Any CPU
		{0670CCFF-D123-4AD4-B46E-D1A904191715}.Debug|Any CPU.ActiveCfg = Debug|Any CPU
		{0670CCFF-D123-4AD4-B46E-D1A904191715}.Debug|Any CPU.Build.0 = Debug|Any CPU
		{0670CCFF-D123-4AD4-B46E-D1A904191715}.Release|Any CPU.ActiveCfg = Release|Any CPU
		{0670CCFF-D123-4AD4-B46E-D1A904191715}.Release|Any CPU.Build.0 = Release|Any CPU
		{05EDB772-0EC5-4AD1-B344-43FF9D9DFAA6}.Debug|Any CPU.ActiveCfg = Debug|Any CPU
		{05EDB772-0EC5-4AD1-B344-43FF9D9DFAA6}.Debug|Any CPU.Build.0 = Debug|Any CPU
		{05EDB772-0EC5-4AD1-B344-43FF9D9DFAA6}.Release|Any CPU.ActiveCfg = Release|Any CPU
		{05EDB772-0EC5-4AD1-B344-43FF9D9DFAA6}.Release|Any CPU.Build.0 = Release|Any CPU
		{3A9C04E8-7D99-4CCF-9F4D-D31E489B716C}.Debug|Any CPU.ActiveCfg = Debug|Any CPU
		{3A9C04E8-7D99-4CCF-9F4D-D31E489B716C}.Debug|Any CPU.Build.0 = Debug|Any CPU
		{3A9C04E8-7D99-4CCF-9F4D-D31E489B716C}.Release|Any CPU.ActiveCfg = Release|Any CPU
		{3A9C04E8-7D99-4CCF-9F4D-D31E489B716C}.Release|Any CPU.Build.0 = Release|Any CPU
		{921D2B6E-EE09-4F54-A0BE-C94428193F77}.Debug|Any CPU.ActiveCfg = Debug|Any CPU
		{921D2B6E-EE09-4F54-A0BE-C94428193F77}.Debug|Any CPU.Build.0 = Debug|Any CPU
		{921D2B6E-EE09-4F54-A0BE-C94428193F77}.Release|Any CPU.ActiveCfg = Release|Any CPU
		{921D2B6E-EE09-4F54-A0BE-C94428193F77}.Release|Any CPU.Build.0 = Release|Any CPU
		{1089226F-15D2-4BE9-AC79-5AA407708588}.Debug|Any CPU.ActiveCfg = Debug|Any CPU
		{1089226F-15D2-4BE9-AC79-5AA407708588}.Debug|Any CPU.Build.0 = Debug|Any CPU
		{1089226F-15D2-4BE9-AC79-5AA407708588}.Release|Any CPU.ActiveCfg = Release|Any CPU
		{1089226F-15D2-4BE9-AC79-5AA407708588}.Release|Any CPU.Build.0 = Release|Any CPU
		{D1622BF7-C6F7-4329-9E82-23B8BFD87873}.Debug|Any CPU.ActiveCfg = Debug|Any CPU
		{D1622BF7-C6F7-4329-9E82-23B8BFD87873}.Debug|Any CPU.Build.0 = Debug|Any CPU
		{D1622BF7-C6F7-4329-9E82-23B8BFD87873}.Release|Any CPU.ActiveCfg = Release|Any CPU
		{D1622BF7-C6F7-4329-9E82-23B8BFD87873}.Release|Any CPU.Build.0 = Release|Any CPU
		{8F108D84-7A15-446A-BF66-5B3D60CC7CBF}.Debug|Any CPU.ActiveCfg = Debug|Any CPU
		{8F108D84-7A15-446A-BF66-5B3D60CC7CBF}.Debug|Any CPU.Build.0 = Debug|Any CPU
		{8F108D84-7A15-446A-BF66-5B3D60CC7CBF}.Release|Any CPU.ActiveCfg = Release|Any CPU
		{8F108D84-7A15-446A-BF66-5B3D60CC7CBF}.Release|Any CPU.Build.0 = Release|Any CPU
		{BAC2B42E-F6A9-4EE0-92A4-93B8FF73E684}.Debug|Any CPU.ActiveCfg = Debug|Any CPU
		{BAC2B42E-F6A9-4EE0-92A4-93B8FF73E684}.Debug|Any CPU.Build.0 = Debug|Any CPU
		{BAC2B42E-F6A9-4EE0-92A4-93B8FF73E684}.Release|Any CPU.ActiveCfg = Release|Any CPU
		{BAC2B42E-F6A9-4EE0-92A4-93B8FF73E684}.Release|Any CPU.Build.0 = Release|Any CPU
		{8B63E54D-0B1A-4C17-AB84-791C23EE1D28}.Debug|Any CPU.ActiveCfg = Debug|Any CPU
		{8B63E54D-0B1A-4C17-AB84-791C23EE1D28}.Debug|Any CPU.Build.0 = Debug|Any CPU
		{8B63E54D-0B1A-4C17-AB84-791C23EE1D28}.Release|Any CPU.ActiveCfg = Release|Any CPU
		{8B63E54D-0B1A-4C17-AB84-791C23EE1D28}.Release|Any CPU.Build.0 = Release|Any CPU
		{82C1B3B2-E8A1-4EF4-AAD0-9CAE8A589379}.Debug|Any CPU.ActiveCfg = Debug|Any CPU
		{82C1B3B2-E8A1-4EF4-AAD0-9CAE8A589379}.Debug|Any CPU.Build.0 = Debug|Any CPU
		{82C1B3B2-E8A1-4EF4-AAD0-9CAE8A589379}.Release|Any CPU.ActiveCfg = Release|Any CPU
		{82C1B3B2-E8A1-4EF4-AAD0-9CAE8A589379}.Release|Any CPU.Build.0 = Release|Any CPU
		{2BAB66DB-D7E1-4A8E-A6C0-3466D58D30B5}.Debug|Any CPU.ActiveCfg = Debug|Any CPU
		{2BAB66DB-D7E1-4A8E-A6C0-3466D58D30B5}.Debug|Any CPU.Build.0 = Debug|Any CPU
		{2BAB66DB-D7E1-4A8E-A6C0-3466D58D30B5}.Release|Any CPU.ActiveCfg = Release|Any CPU
		{2BAB66DB-D7E1-4A8E-A6C0-3466D58D30B5}.Release|Any CPU.Build.0 = Release|Any CPU
		{C2818761-ABC8-4D56-AEEE-550B308C1D72}.Debug|Any CPU.ActiveCfg = Debug|Any CPU
		{C2818761-ABC8-4D56-AEEE-550B308C1D72}.Debug|Any CPU.Build.0 = Debug|Any CPU
		{C2818761-ABC8-4D56-AEEE-550B308C1D72}.Release|Any CPU.ActiveCfg = Release|Any CPU
		{C2818761-ABC8-4D56-AEEE-550B308C1D72}.Release|Any CPU.Build.0 = Release|Any CPU
		{D86807A9-2CD1-4AA1-9945-4799FCA3F9B1}.Debug|Any CPU.ActiveCfg = Debug|Any CPU
		{D86807A9-2CD1-4AA1-9945-4799FCA3F9B1}.Debug|Any CPU.Build.0 = Debug|Any CPU
		{D86807A9-2CD1-4AA1-9945-4799FCA3F9B1}.Release|Any CPU.ActiveCfg = Release|Any CPU
		{D86807A9-2CD1-4AA1-9945-4799FCA3F9B1}.Release|Any CPU.Build.0 = Release|Any CPU
		{6D10611B-0487-4B87-BABD-B76A3B35D9D1}.Debug|Any CPU.ActiveCfg = Debug|Any CPU
		{6D10611B-0487-4B87-BABD-B76A3B35D9D1}.Debug|Any CPU.Build.0 = Debug|Any CPU
		{6D10611B-0487-4B87-BABD-B76A3B35D9D1}.Release|Any CPU.ActiveCfg = Release|Any CPU
		{6D10611B-0487-4B87-BABD-B76A3B35D9D1}.Release|Any CPU.Build.0 = Release|Any CPU
		{CAE83923-D81B-4CBE-A2C8-844DB88EACBA}.Debug|Any CPU.ActiveCfg = Debug|Any CPU
		{CAE83923-D81B-4CBE-A2C8-844DB88EACBA}.Debug|Any CPU.Build.0 = Debug|Any CPU
		{CAE83923-D81B-4CBE-A2C8-844DB88EACBA}.Release|Any CPU.ActiveCfg = Release|Any CPU
		{CAE83923-D81B-4CBE-A2C8-844DB88EACBA}.Release|Any CPU.Build.0 = Release|Any CPU
		{1029EF44-1626-4072-9D99-15AFDC8E3751}.Debug|Any CPU.ActiveCfg = Debug|Any CPU
		{1029EF44-1626-4072-9D99-15AFDC8E3751}.Debug|Any CPU.Build.0 = Debug|Any CPU
		{1029EF44-1626-4072-9D99-15AFDC8E3751}.Release|Any CPU.ActiveCfg = Release|Any CPU
		{1029EF44-1626-4072-9D99-15AFDC8E3751}.Release|Any CPU.Build.0 = Release|Any CPU
		{6AAF17B4-3D8F-45B8-B893-4C2152516EDB}.Debug|Any CPU.ActiveCfg = Debug|Any CPU
		{6AAF17B4-3D8F-45B8-B893-4C2152516EDB}.Debug|Any CPU.Build.0 = Debug|Any CPU
		{6AAF17B4-3D8F-45B8-B893-4C2152516EDB}.Release|Any CPU.ActiveCfg = Release|Any CPU
		{6AAF17B4-3D8F-45B8-B893-4C2152516EDB}.Release|Any CPU.Build.0 = Release|Any CPU
		{F7083EAB-69C0-4F24-B2E9-4A9E8701A324}.Debug|Any CPU.ActiveCfg = Debug|Any CPU
		{F7083EAB-69C0-4F24-B2E9-4A9E8701A324}.Debug|Any CPU.Build.0 = Debug|Any CPU
		{F7083EAB-69C0-4F24-B2E9-4A9E8701A324}.Release|Any CPU.ActiveCfg = Release|Any CPU
		{F7083EAB-69C0-4F24-B2E9-4A9E8701A324}.Release|Any CPU.Build.0 = Release|Any CPU
		{7506319F-9717-48C9-841F-9BCA7422111E}.Debug|Any CPU.ActiveCfg = Debug|Any CPU
		{7506319F-9717-48C9-841F-9BCA7422111E}.Debug|Any CPU.Build.0 = Debug|Any CPU
		{7506319F-9717-48C9-841F-9BCA7422111E}.Release|Any CPU.ActiveCfg = Release|Any CPU
		{7506319F-9717-48C9-841F-9BCA7422111E}.Release|Any CPU.Build.0 = Release|Any CPU
		{9E8FE6C5-A762-46C0-9FE0-E8E4B34D5936}.Debug|Any CPU.ActiveCfg = Debug|Any CPU
		{9E8FE6C5-A762-46C0-9FE0-E8E4B34D5936}.Debug|Any CPU.Build.0 = Debug|Any CPU
		{9E8FE6C5-A762-46C0-9FE0-E8E4B34D5936}.Release|Any CPU.ActiveCfg = Release|Any CPU
		{9E8FE6C5-A762-46C0-9FE0-E8E4B34D5936}.Release|Any CPU.Build.0 = Release|Any CPU
		{C9B63D86-0CF4-4456-99A7-3E78F8C6E0C8}.Debug|Any CPU.ActiveCfg = Debug|Any CPU
		{C9B63D86-0CF4-4456-99A7-3E78F8C6E0C8}.Debug|Any CPU.Build.0 = Debug|Any CPU
		{C9B63D86-0CF4-4456-99A7-3E78F8C6E0C8}.Release|Any CPU.ActiveCfg = Release|Any CPU
		{C9B63D86-0CF4-4456-99A7-3E78F8C6E0C8}.Release|Any CPU.Build.0 = Release|Any CPU
		{D6CFF58A-9A0B-446B-B01E-833B3EEEED73}.Debug|Any CPU.ActiveCfg = Debug|Any CPU
		{D6CFF58A-9A0B-446B-B01E-833B3EEEED73}.Debug|Any CPU.Build.0 = Debug|Any CPU
		{D6CFF58A-9A0B-446B-B01E-833B3EEEED73}.Release|Any CPU.ActiveCfg = Release|Any CPU
		{D6CFF58A-9A0B-446B-B01E-833B3EEEED73}.Release|Any CPU.Build.0 = Release|Any CPU
		{98CEAD59-0969-4C86-80E4-7DA3B2B9E8D7}.Debug|Any CPU.ActiveCfg = Debug|Any CPU
		{98CEAD59-0969-4C86-80E4-7DA3B2B9E8D7}.Debug|Any CPU.Build.0 = Debug|Any CPU
		{98CEAD59-0969-4C86-80E4-7DA3B2B9E8D7}.Release|Any CPU.ActiveCfg = Release|Any CPU
		{98CEAD59-0969-4C86-80E4-7DA3B2B9E8D7}.Release|Any CPU.Build.0 = Release|Any CPU
		{B6858157-5AE0-49E6-921F-52ADC9F135ED}.Debug|Any CPU.ActiveCfg = Debug|Any CPU
		{B6858157-5AE0-49E6-921F-52ADC9F135ED}.Debug|Any CPU.Build.0 = Debug|Any CPU
		{B6858157-5AE0-49E6-921F-52ADC9F135ED}.Release|Any CPU.ActiveCfg = Release|Any CPU
		{B6858157-5AE0-49E6-921F-52ADC9F135ED}.Release|Any CPU.Build.0 = Release|Any CPU
		{81A22A31-DDE9-4F57-B20E-519A1C6426B4}.Debug|Any CPU.ActiveCfg = Debug|Any CPU
		{81A22A31-DDE9-4F57-B20E-519A1C6426B4}.Debug|Any CPU.Build.0 = Debug|Any CPU
		{81A22A31-DDE9-4F57-B20E-519A1C6426B4}.Release|Any CPU.ActiveCfg = Release|Any CPU
		{81A22A31-DDE9-4F57-B20E-519A1C6426B4}.Release|Any CPU.Build.0 = Release|Any CPU
		{BC92D0BF-0BEF-42BB-BC9F-47C8966D1F54}.Debug|Any CPU.ActiveCfg = Debug|Any CPU
		{BC92D0BF-0BEF-42BB-BC9F-47C8966D1F54}.Debug|Any CPU.Build.0 = Debug|Any CPU
		{BC92D0BF-0BEF-42BB-BC9F-47C8966D1F54}.Release|Any CPU.ActiveCfg = Release|Any CPU
		{BC92D0BF-0BEF-42BB-BC9F-47C8966D1F54}.Release|Any CPU.Build.0 = Release|Any CPU
	EndGlobalSection
	GlobalSection(SolutionProperties) = preSolution
		HideSolutionNode = FALSE
	EndGlobalSection
	GlobalSection(NestedProjects) = preSolution
		{C0E58CC6-3D40-441B-9A92-66B940C990F4} = {6DE49254-B42A-46D4-BFFD-F947B166B23F}
		{C2688116-F713-47B3-9B9C-1C7EC17DCD59} = {6DE49254-B42A-46D4-BFFD-F947B166B23F}
		{390A6A2A-F913-47C2-8558-BBF837125360} = {6DE49254-B42A-46D4-BFFD-F947B166B23F}
		{B6C4FB40-D4C7-471F-9D80-D957F3AAD198} = {6DE49254-B42A-46D4-BFFD-F947B166B23F}
		{1C7C5AED-138C-4EC4-8489-26644E60674C} = {13AAAC77-1BFA-4F20-A9D7-87D150A7E5AB}
		{13AAAC77-1BFA-4F20-A9D7-87D150A7E5AB} = {C2688116-F713-47B3-9B9C-1C7EC17DCD59}
		{60E6FE66-DCF6-4C18-A105-28CB0A2B8363} = {C2688116-F713-47B3-9B9C-1C7EC17DCD59}
		{565E4FF1-2E22-48D5-BDA7-FBFC82CF5AF2} = {C2688116-F713-47B3-9B9C-1C7EC17DCD59}
		{DEF86744-1104-4CF7-AF1B-216253C62BF9} = {C2688116-F713-47B3-9B9C-1C7EC17DCD59}
		{3A04BD4D-46F4-4059-8F27-83F3C2DF0E6D} = {DEF86744-1104-4CF7-AF1B-216253C62BF9}
		{14C6CD8D-D6C4-4D66-91A6-4687F7350307} = {565E4FF1-2E22-48D5-BDA7-FBFC82CF5AF2}
		{632B84D0-895F-467C-B8EA-3DB72FD490E5} = {6DE49254-B42A-46D4-BFFD-F947B166B23F}
		{1DF069D1-68BC-4E55-B197-4CBCCBD2F501} = {632B84D0-895F-467C-B8EA-3DB72FD490E5}
		{53BAE59A-8296-48F9-8BC7-5491438717D7} = {632B84D0-895F-467C-B8EA-3DB72FD490E5}
		{9D8983D7-435A-49D7-9A98-D7697D0138EB} = {632B84D0-895F-467C-B8EA-3DB72FD490E5}
		{9001F23D-78F0-44E6-A0B9-BD4EB030F590} = {60E6FE66-DCF6-4C18-A105-28CB0A2B8363}
		{5330AD6D-BE49-4BE1-BDD6-79FFBF869539} = {60E6FE66-DCF6-4C18-A105-28CB0A2B8363}
		{E42AD922-BBFF-4459-A241-7B8F9AD00422} = {C2688116-F713-47B3-9B9C-1C7EC17DCD59}
		{7195BF33-E509-40B8-A168-50E5430D3BB7} = {E42AD922-BBFF-4459-A241-7B8F9AD00422}
		{7B2A5C91-2ED2-4D45-94A5-0B1A81320618} = {85703544-A8FC-4307-9032-52EE6DBC7DA4}
		{B8C16D76-E42F-43BF-9F98-7FFE48598C77} = {C2688116-F713-47B3-9B9C-1C7EC17DCD59}
		{6CE4C4E2-54C8-46D5-9188-8EDF6F7B6F79} = {B8C16D76-E42F-43BF-9F98-7FFE48598C77}
		{FB70ECC5-82D9-47B2-AD7A-D9D07923CB16} = {390A6A2A-F913-47C2-8558-BBF837125360}
		{0CF964B2-1A71-4FBB-8B41-6FD2F723C4C5} = {390A6A2A-F913-47C2-8558-BBF837125360}
		{4F838478-817A-4435-A9FD-B6D5B4CACF62} = {390A6A2A-F913-47C2-8558-BBF837125360}
		{0E7168B1-A40E-4947-BC19-D6C5580E2937} = {390A6A2A-F913-47C2-8558-BBF837125360}
		{A8992C0E-0070-4622-AC01-A9AA3EF317A3} = {390A6A2A-F913-47C2-8558-BBF837125360}
		{E0C0168B-8FCF-44EE-B812-C02E3DE73ADE} = {390A6A2A-F913-47C2-8558-BBF837125360}
		{AF8077A8-C1EA-4977-A4AD-1BCC3BBF1EA0} = {FB70ECC5-82D9-47B2-AD7A-D9D07923CB16}
		{94C8F498-6E97-45F8-A7A1-BE2A8E89B693} = {0CF964B2-1A71-4FBB-8B41-6FD2F723C4C5}
		{0670CCFF-D123-4AD4-B46E-D1A904191715} = {0CF964B2-1A71-4FBB-8B41-6FD2F723C4C5}
		{05EDB772-0EC5-4AD1-B344-43FF9D9DFAA6} = {4F838478-817A-4435-A9FD-B6D5B4CACF62}
		{3A9C04E8-7D99-4CCF-9F4D-D31E489B716C} = {0E7168B1-A40E-4947-BC19-D6C5580E2937}
		{921D2B6E-EE09-4F54-A0BE-C94428193F77} = {E0C0168B-8FCF-44EE-B812-C02E3DE73ADE}
		{B738EA8A-6AA8-475E-A3FE-FA0BE94CE09C} = {B6C4FB40-D4C7-471F-9D80-D957F3AAD198}
		{70449F72-5514-46A4-BFD9-19E284750D4B} = {B6C4FB40-D4C7-471F-9D80-D957F3AAD198}
		{EEAE4C5D-AA78-4E65-A1BE-43BAD79F8EE1} = {B6C4FB40-D4C7-471F-9D80-D957F3AAD198}
		{BF557917-1BF0-4FCF-9BB2-77D20F61B91F} = {B6C4FB40-D4C7-471F-9D80-D957F3AAD198}
		{70A154B1-3916-4717-8E5F-F8DDE174F36F} = {B6C4FB40-D4C7-471F-9D80-D957F3AAD198}
		{FCB80702-7703-4661-9FDF-6F54A020A1A2} = {B6C4FB40-D4C7-471F-9D80-D957F3AAD198}
		{1089226F-15D2-4BE9-AC79-5AA407708588} = {B738EA8A-6AA8-475E-A3FE-FA0BE94CE09C}
		{D1622BF7-C6F7-4329-9E82-23B8BFD87873} = {70449F72-5514-46A4-BFD9-19E284750D4B}
		{8F108D84-7A15-446A-BF66-5B3D60CC7CBF} = {BF557917-1BF0-4FCF-9BB2-77D20F61B91F}
		{BAC2B42E-F6A9-4EE0-92A4-93B8FF73E684} = {EEAE4C5D-AA78-4E65-A1BE-43BAD79F8EE1}
		{8B63E54D-0B1A-4C17-AB84-791C23EE1D28} = {FCB80702-7703-4661-9FDF-6F54A020A1A2}
		{82C1B3B2-E8A1-4EF4-AAD0-9CAE8A589379} = {70A154B1-3916-4717-8E5F-F8DDE174F36F}
		{2BAB66DB-D7E1-4A8E-A6C0-3466D58D30B5} = {70449F72-5514-46A4-BFD9-19E284750D4B}
		{C2818761-ABC8-4D56-AEEE-550B308C1D72} = {70449F72-5514-46A4-BFD9-19E284750D4B}
		{71B2DA4C-FAF7-4D15-83AA-D53BF55C8FD3} = {C2688116-F713-47B3-9B9C-1C7EC17DCD59}
		{D86807A9-2CD1-4AA1-9945-4799FCA3F9B1} = {71B2DA4C-FAF7-4D15-83AA-D53BF55C8FD3}
		{7CE42E83-AA6F-477B-92F7-713C22A488EA} = {C0E58CC6-3D40-441B-9A92-66B940C990F4}
		{B8A4119C-7073-48FC-9284-BF3275107507} = {C0E58CC6-3D40-441B-9A92-66B940C990F4}
		{044A334B-A639-463C-B63A-964B989A51A1} = {C0E58CC6-3D40-441B-9A92-66B940C990F4}
		{F46EF47C-829E-460A-A2C8-2D93EB420750} = {C0E58CC6-3D40-441B-9A92-66B940C990F4}
		{AC42E4F4-E8FB-4FC1-BE18-C70CDF869C3E} = {C0E58CC6-3D40-441B-9A92-66B940C990F4}
		{6D10611B-0487-4B87-BABD-B76A3B35D9D1} = {F46EF47C-829E-460A-A2C8-2D93EB420750}
		{CAE83923-D81B-4CBE-A2C8-844DB88EACBA} = {044A334B-A639-463C-B63A-964B989A51A1}
		{1029EF44-1626-4072-9D99-15AFDC8E3751} = {7CE42E83-AA6F-477B-92F7-713C22A488EA}
		{6AAF17B4-3D8F-45B8-B893-4C2152516EDB} = {B8A4119C-7073-48FC-9284-BF3275107507}
		{F7083EAB-69C0-4F24-B2E9-4A9E8701A324} = {B8A4119C-7073-48FC-9284-BF3275107507}
		{7506319F-9717-48C9-841F-9BCA7422111E} = {AC42E4F4-E8FB-4FC1-BE18-C70CDF869C3E}
		{2CFA51A4-DAB1-474F-94DF-4760184D60EE} = {E213AE8A-FF79-4824-8C16-2F0651405AF0}
		{9E8FE6C5-A762-46C0-9FE0-E8E4B34D5936} = {2CFA51A4-DAB1-474F-94DF-4760184D60EE}
		{C9B63D86-0CF4-4456-99A7-3E78F8C6E0C8} = {E213AE8A-FF79-4824-8C16-2F0651405AF0}
		{D6CFF58A-9A0B-446B-B01E-833B3EEEED73} = {E213AE8A-FF79-4824-8C16-2F0651405AF0}
		{98CEAD59-0969-4C86-80E4-7DA3B2B9E8D7} = {BBBF4B76-0057-43EB-B893-EEC02C672D0F}
		{B6858157-5AE0-49E6-921F-52ADC9F135ED} = {BBBF4B76-0057-43EB-B893-EEC02C672D0F}
		{81A22A31-DDE9-4F57-B20E-519A1C6426B4} = {632B84D0-895F-467C-B8EA-3DB72FD490E5}
		{BC92D0BF-0BEF-42BB-BC9F-47C8966D1F54} = {E213AE8A-FF79-4824-8C16-2F0651405AF0}
	EndGlobalSection
	GlobalSection(ExtensibilityGlobals) = postSolution
		SolutionGuid = {30C45734-9F4E-4258-B4A7-4E92002D24F4}
	EndGlobalSection
EndGlobal
